
Microsoft Visual Studio Solution File, Format Version 12.00
# Visual Studio 14
VisualStudioVersion = 14.0.23107.0
MinimumVisualStudioVersion = 10.0.40219.1
Project("{888888A0-9F3D-457C-B088-3A5042F75D52}") = "GuessTheNumber", "GuessTheNumber\GuessTheNumber.pyproj", "{B7288BD5-A5FE-4C60-ADCD-4F8A0043AC97}"
EndProject
Global
	GlobalSection(SolutionConfigurationPlatforms) = preSolution
		Debug|Any CPU = Debug|Any CPU
		Release|Any CPU = Release|Any CPU
	EndGlobalSection
	GlobalSection(ProjectConfigurationPlatforms) = postSolution
		{B7288BD5-A5FE-4C60-ADCD-4F8A0043AC97}.Debug|Any CPU.ActiveCfg = Debug|Any CPU
		{B7288BD5-A5FE-4C60-ADCD-4F8A0043AC97}.Release|Any CPU.ActiveCfg = Release|Any CPU
	EndGlobalSection
	GlobalSection(SolutionProperties) = preSolution
		HideSolutionNode = FALSE
	EndGlobalSection
EndGlobal
